
Microsoft Visual Studio Solution File, Format Version 12.00
# Visual Studio 15
VisualStudioVersion = 15.0.28307.271
MinimumVisualStudioVersion = 10.0.40219.1
Project("{888888A0-9F3D-457C-B088-3A5042F75D52}") = "Endurance", "Endurance\Endurance.pyproj", "{675F25EB-C120-40C5-A235-2F6B1AF20126}"
EndProject
Global
	GlobalSection(SolutionConfigurationPlatforms) = preSolution
		Debug|Any CPU = Debug|Any CPU
		Release|Any CPU = Release|Any CPU
	EndGlobalSection
	GlobalSection(ProjectConfigurationPlatforms) = postSolution
		{675F25EB-C120-40C5-A235-2F6B1AF20126}.Debug|Any CPU.ActiveCfg = Debug|Any CPU
		{675F25EB-C120-40C5-A235-2F6B1AF20126}.Release|Any CPU.ActiveCfg = Release|Any CPU
	EndGlobalSection
	GlobalSection(SolutionProperties) = preSolution
		HideSolutionNode = FALSE
	EndGlobalSection
	GlobalSection(ExtensibilityGlobals) = postSolution
		SolutionGuid = {0303CF44-2124-4600-AB5B-EB85FFD1A395}
	EndGlobalSection
EndGlobal
